
Microsoft Visual Studio Solution File, Format Version 12.00
# Visual Studio Version 17
VisualStudioVersion = 17.4.33205.214
MinimumVisualStudioVersion = 10.0.40219.1
Project("{8BC9CEB8-8B4A-11D0-8D11-00A0C91BC942}") = "Home work 20.01.2023(1)", "Home work 20.01.2023(1)\Home work 20.01.2023(1).vcxproj", "{EFE8F3B0-73EF-4B29-87FC-22AEE7DDF0B2}"
EndProject
Global
	GlobalSection(SolutionConfigurationPlatforms) = preSolution
		Debug|x64 = Debug|x64
		Debug|x86 = Debug|x86
		Release|x64 = Release|x64
		Release|x86 = Release|x86
	EndGlobalSection
	GlobalSection(ProjectConfigurationPlatforms) = postSolution
		{EFE8F3B0-73EF-4B29-87FC-22AEE7DDF0B2}.Debug|x64.ActiveCfg = Debug|x64
		{EFE8F3B0-73EF-4B29-87FC-22AEE7DDF0B2}.Debug|x64.Build.0 = Debug|x64
		{EFE8F3B0-73EF-4B29-87FC-22AEE7DDF0B2}.Debug|x86.ActiveCfg = Debug|Win32
		{EFE8F3B0-73EF-4B29-87FC-22AEE7DDF0B2}.Debug|x86.Build.0 = Debug|Win32
		{EFE8F3B0-73EF-4B29-87FC-22AEE7DDF0B2}.Release|x64.ActiveCfg = Release|x64
		{EFE8F3B0-73EF-4B29-87FC-22AEE7DDF0B2}.Release|x64.Build.0 = Release|x64
		{EFE8F3B0-73EF-4B29-87FC-22AEE7DDF0B2}.Release|x86.ActiveCfg = Release|Win32
		{EFE8F3B0-73EF-4B29-87FC-22AEE7DDF0B2}.Release|x86.Build.0 = Release|Win32
	EndGlobalSection
	GlobalSection(SolutionProperties) = preSolution
		HideSolutionNode = FALSE
	EndGlobalSection
	GlobalSection(ExtensibilityGlobals) = postSolution
		SolutionGuid = {152795CA-A4B6-48B9-A69A-A332354D7536}
	EndGlobalSection
EndGlobal
